
Microsoft Visual Studio Solution File, Format Version 11.00
# Visual Studio 2010
Project("{8BC9CEB8-8B4A-11D0-8D11-00A0C91BC942}") = "flowdemo", "flowdemo.vcxproj", "{76F143C5-83BB-4B8C-93B8-2999DC9E0F84}"
EndProject
Global
	GlobalSection(SolutionConfigurationPlatforms) = preSolution
		Debug|Win32 = Debug|Win32
		Release|Win32 = Release|Win32
	EndGlobalSection
	GlobalSection(ProjectConfigurationPlatforms) = postSolution
		{76F143C5-83BB-4B8C-93B8-2999DC9E0F84}.Debug|Win32.ActiveCfg = Debug|Win32
		{76F143C5-83BB-4B8C-93B8-2999DC9E0F84}.Debug|Win32.Build.0 = Debug|Win32
		{76F143C5-83BB-4B8C-93B8-2999DC9E0F84}.Release|Win32.ActiveCfg = Release|Win32
		{76F143C5-83BB-4B8C-93B8-2999DC9E0F84}.Release|Win32.Build.0 = Release|Win32
	EndGlobalSection
	GlobalSection(SolutionProperties) = preSolution
		HideSolutionNode = FALSE
	EndGlobalSection
EndGlobal
